github.com/Oudwins/tailwind-merge-go v0.2.3 h1:RCiZ/DlLpoJnE5QSs1sRPDtIs3We0RQpsLH7bBWfbUI=
github.com/Oudwins/tailwind-merge-go v0.2.3/go.mod h1:kkZodgOPvZQ8f7SIrlWkG/w1g9JTbtnptnePIh3V72U=
github.com/a-h/templ v0.3.1020 h1:ypAT/L5ySWEnZ6Zft/5yfoWXYYkhFNvEFOeeqecg4tw=
github.com/a-h/templ v0.3.1020/go.mod h1:A2DlK61v+K+NRoGnhmYbNYVmtYHcFO5/AisMvBdDxTM=
github.com/davecgh/go-spew v1.1.2-0.20180830191138-d8f796af33cc h1:U9qPSI2PIWSS1VwoXQT9A3Wy9MM3WgvqSxFWenqJduM=
github.com/davecgh/go-spew v1.1.2-0.20180830191138-d8f796af33cc/go.mod h1:J7Y8YcW2NihsgmVo/mv3lAwl/skON4iLHjSsI+c5H38=
github.com/google/go-cmp v0.7.0 h1:wk8382ETsv4JYUZwIsn6YpYiWiBsYLSJiTsyBybVuN8=
github.com/google/go-cmp v0.7.0/go.mod h1:pXiqmnSA92OHEEa9HXL2W4E7lf9JzCmGVUdgjX3N/iU=
github.com/larsartmann/go-branded-id v0.5.1 h1:4Cyv41AkbtQuf66TuNfWugjqHYA48I3KfxjjM/KwBKk=
github.com/larsartmann/go-branded-id v0.5.1/go.mod h1:ElTJY6HNf3ziPytNA5mpW32bxjfsZ/C8ILn4nPQdbmI=
github.com/larsartmann/go-datastar v0.2.0 h1:of0QA4uSiATF6Y2EzjgJBoEE3k4dRrK586JbO5+G/KU=
github.com/larsartmann/go-datastar v0.2.0/go.mod h1:1wJGELJB2pKboyHfEiYmiJsGhILa04xJO7DcPl0HVu4=
github.com/larsartmann/go-datastar/static v0.1.0 h1:zshI9krFnmiNyjGRJ1rzTvJQDykMIflTVSM+Bt9ouIA=
github.com/larsartmann/go-datastar/static v0.1.0/go.mod h1:Mkt7d9FrtMiiT3bGpJv+5RRX4+5x1/gJv9YWuFlWaD4=
github.com/larsartmann/go-error-family v0.10.0 h1:xGPT8WzPr9EJ+SHCasLtZ2mJ7drVxmfkyM6kjzHoAWo=
github.com/larsartmann/go-error-family v0.10.0/go.mod h1:c5ZKAqG/2xJmF7ZjShNAenbxHzWqut90ARS0lPuyUaY=
github.com/larsartmann/go-health v0.0.2 h1:sUqB5SvX8BZHUfHmQmQ0uuDr5UXyVtpzPESo9TboNL8=
github.com/larsartmann/go-health v0.0.2/go.mod h1:9wau4MHt4fGLdrRn81rWnkcI6M51IvQyfrzhyiBIZCg=
github.com/larsartmann/go-sse v0.5.0 h1:6KC4fh/cDxNvaZE10ByT39y6ib65KH+nQIgw8sfVYRY=
github.com/larsartmann/go-sse v0.5.0/go.mod h1:kj1Gv+cnHIWKeqL0hRvbzkyM96/ZHAfub4FpgFtehHg=
github.com/larsartmann/templ-components v1.8.2 h1:zEeE81mnnfSxAdLZTS6BjuYFvqiWDcOLPoAMhNvznWA=
github.com/larsartmann/templ-components v1.8.2/go.mod h1:IDz558uEy8IU49x11TwRNalaxyDW6VYEL14wS/PvYcM=
github.com/larsartmann/templ-components/datastar v1.8.2 h1:1zOQc4239vZq4Watcxo1Ppw08tCb74mPx4BpGdkIauI=
github.com/larsartmann/templ-components/datastar v1.8.2/go.mod h1:0VY3QU6FpWu1kN/EDdU+CaPDEwlLgC6X7VlHXspM2oA=
github.com/larsartmann/templ-components/htmx v1.8.2 h1:IGgrTJ4bBSzs8bTQIOY41CZPFIalao3g/EEMElN5v/I=
github.com/larsartmann/templ-components/htmx v1.8.2/go.mod h1:NlhpqtS2pOZZhIRjTXVMjcFdhsjwNr1mKfT0o3lHrw8=
github.com/larsartmann/templ-components/icons v1.8.2 h1:77BasZrA6c7dMhh/KQI7Mof87sF3MRHrPQihX/sY4lA=
github.com/larsartmann/templ-components/icons v1.8.2/go.mod h1:LtJXgvY/5f7bXW9JsWlxRwu/t4dTHLnhwaod+cdxMWg=
github.com/larsartmann/templ-components/utils v1.8.2 h1:I03nhji+P5rfKCyNs335slHcoXqu7O8yLLNHKyQy6FY=
github.com/larsartmann/templ-components/utils v1.8.2/go.mod h1:vYC5Ysy6Gl3KSQGFu68e6xMXivRIMK5qExFtn3l02uk=
github.com/pmezard/go-difflib v1.0.1-0.20181226105442-5d4384ee4fb2 h1:Jamvg5psRIccs7FGNTlIRMkT8wgtp5eCXdBlqhYGL6U=
github.com/pmezard/go-difflib v1.0.1-0.20181226105442-5d4384ee4fb2/go.mod h1:iKH77koFhYxTK1pcRnkKkqfTogsbg7gZNVY4sRDYZ/4=
github.com/samber/do/v2 v2.1.0 h1:lqCHn05XvY3VqwxvZDQPSkH+jIGWSVHUrSVLEbPOopo=
github.com/samber/do/v2 v2.1.0/go.mod h1:wJBoiaZcUZyGuraOhfz15b517ZMogGs+U03DvnqvT6Q=
github.com/samber/go-type-to-string v1.8.0 h1:5z6tDTjtXxkIAoAuHAZYMYR8mkBZjVgeSH7jcSLqc8w=
github.com/samber/go-type-to-string v1.8.0/go.mod h1:jpU77vIDoIxkahknKDoEx9C8bQ1ADnh2sotZ8I4QqBU=
github.com/stretchr/testify v1.11.1 h1:7s2iGBzp5EwR7/aIZr8ao5+dra3wiQyKjjFuvgVKu7U=
github.com/stretchr/testify v1.11.1/go.mod h1:wZwfW3scLgRK+23gO65QZefKpKQRnfz6sD981Nm4B6U=
gopkg.in/yaml.v3 v3.0.1 h1:fxVm/GzAzEWqLHuvctI91KS9hhNmmWOoWu0XTYJS7CA=
gopkg.in/yaml.v3 v3.0.1/go.mod h1:K4uyk7z7BCEPqu6E+C64Yfv1cQ7kz7rIZviUmN+EgEM=
