github.com/Oudwins/tailwind-merge-go v0.2.3 h1:RCiZ/DlLpoJnE5QSs1sRPDtIs3We0RQpsLH7bBWfbUI=
github.com/Oudwins/tailwind-merge-go v0.2.3/go.mod h1:kkZodgOPvZQ8f7SIrlWkG/w1g9JTbtnptnePIh3V72U=
github.com/a-h/templ v0.3.1020 h1:ypAT/L5ySWEnZ6Zft/5yfoWXYYkhFNvEFOeeqecg4tw=
github.com/a-h/templ v0.3.1020/go.mod h1:A2DlK61v+K+NRoGnhmYbNYVmtYHcFO5/AisMvBdDxTM=
github.com/chromedp/cdproto v0.0.0-20260714215040-dc233986426f h1:0Z1zcSLEmnj2c2CmJYBqewtS6pxhB39bNWUSEUAWjgk=
github.com/chromedp/cdproto v0.0.0-20260714215040-dc233986426f/go.mod h1:RwFsSODCtFExll+GhHM6R92SARHR3Z3oipaxLHj46C0=
github.com/chromedp/chromedp v0.16.0 h1:rOO4deOm4CbZgBCa8mD9g2rDyIoNs0BkgvNrlbp5ouk=
github.com/chromedp/chromedp v0.16.0/go.mod h1:rbuGKFT1vMcFcFqKfPIO1GpX/N+2s8onm2qMxZLbU5U=
github.com/chromedp/sysutil v1.1.0 h1:PUFNv5EcprjqXZD9nJb9b/c9ibAbxiYo4exNWZyipwM=
github.com/chromedp/sysutil v1.1.0/go.mod h1:WiThHUdltqCNKGc4gaU50XgYjwjYIhKWoHGPTUfWTJ8=
github.com/go-json-experiment/json v0.0.0-20260623181947-01eb4420fa68 h1:KZaTBSyshWX3MP5jukJcNSuXDQTO+rNpt0J564dX/eg=
github.com/go-json-experiment/json v0.0.0-20260623181947-01eb4420fa68/go.mod h1:tphK2c80bpPhMOI4v6bIc2xWywPfbqi1Z06+RcrMkDg=
github.com/gobwas/httphead v0.1.0 h1:exrUm0f4YX0L7EBwZHuCF4GDp8aJfVeBrlLQrs6NqWU=
github.com/gobwas/httphead v0.1.0/go.mod h1:O/RXo79gxV8G+RqlR/otEwx4Q36zl9rqC5u12GKvMCM=
github.com/gobwas/pool v0.2.1 h1:xfeeEhW7pwmX8nuLVlqbzVc7udMDrwetjEv+TZIz1og=
github.com/gobwas/pool v0.2.1/go.mod h1:q8bcK0KcYlCgd9e7WYLm9LpyS+YeLd8JVDW6WezmKEw=
github.com/gobwas/ws v1.4.0 h1:CTaoG1tojrh4ucGPcoJFiAQUAsEWekEWvLy7GsVNqGs=
github.com/gobwas/ws v1.4.0/go.mod h1:G3gNqMNtPppf5XUz7O4shetPpcZ1VJ7zt18dlUeakrc=
github.com/google/go-cmp v0.7.0 h1:wk8382ETsv4JYUZwIsn6YpYiWiBsYLSJiTsyBybVuN8=
github.com/google/go-cmp v0.7.0/go.mod h1:pXiqmnSA92OHEEa9HXL2W4E7lf9JzCmGVUdgjX3N/iU=
github.com/larsartmann/go-branded-id v0.5.1 h1:4Cyv41AkbtQuf66TuNfWugjqHYA48I3KfxjjM/KwBKk=
github.com/larsartmann/go-branded-id v0.5.1/go.mod h1:ElTJY6HNf3ziPytNA5mpW32bxjfsZ/C8ILn4nPQdbmI=
github.com/larsartmann/go-datastar v0.4.0 h1:cpRo925WLCVpASoT+riikMgcGpFeDZs6OpKodhYvHRM=
github.com/larsartmann/go-datastar v0.4.0/go.mod h1:vRaZrao6s87mK64K01cUFXeON3z8JeyF/IqZLyzFrf4=
github.com/larsartmann/go-datastar/static v0.4.0 h1:HLlIxY3uXg7FIlbxWv7A0NMTHRpv50u6PRc5JLL8x44=
github.com/larsartmann/go-datastar/static v0.4.0/go.mod h1:J5d13HKqAKSH67hTgOcGTQQtv8UXmm5jm5tcM4+/tnM=
github.com/larsartmann/go-error-family v0.10.0 h1:xGPT8WzPr9EJ+SHCasLtZ2mJ7drVxmfkyM6kjzHoAWo=
github.com/larsartmann/go-error-family v0.10.0/go.mod h1:c5ZKAqG/2xJmF7ZjShNAenbxHzWqut90ARS0lPuyUaY=
github.com/larsartmann/go-health v0.1.1 h1:1jcDWm/s5t3S9NELS0a6ABu2VSPBGYQceK3jrcTS9Og=
github.com/larsartmann/go-health v0.1.1/go.mod h1:AuHniwkxGZFEdTDAE0bml30QQfXZ8ZnZvFMl6VBzNUM=
github.com/larsartmann/go-sse v0.6.0 h1:ITsMQi4Cfg+cXE5YYChk3p6wYsn33AxKJPVwd5hsiBY=
github.com/larsartmann/go-sse v0.6.0/go.mod h1:ndYQ/lEnJVzTWqvF/h4+XMG/hJK/bEn6zSkfpkBAuUg=
github.com/larsartmann/templ-components v1.11.0 h1:+SndP77yYib2fH6x17RynVNQ9CowKd9lYWE3k7xzkNE=
github.com/larsartmann/templ-components v1.11.0/go.mod h1:UVN57zND7gq9z2b5tx2U7rXz9wldhR+XmuPlFMQZOAY=
github.com/larsartmann/templ-components/datastar v1.11.0 h1:FLLT29x7oFkEurvh5GMyokx7NUB4YWmgrKeUomL/W9Q=
github.com/larsartmann/templ-components/datastar v1.11.0/go.mod h1:M4nSh8qGKqD+iJQ8p9mTck67ksTHEeaGX7CMuYCtbmo=
github.com/larsartmann/templ-components/htmx v1.12.0 h1:FOPY2246ESniOFH6/7TqGNERviP5r3Tyot8I/b1b4pw=
github.com/larsartmann/templ-components/htmx v1.12.0/go.mod h1:sSM/Zq9SF9rfAcqRIQbSBuRMEpUogPpsc4q5VZpUBPA=
github.com/larsartmann/templ-components/icons v1.12.0 h1:SToAGDxOv38eGALifsOO7mO8X0Z3kGVrsUK0fKNeJQs=
github.com/larsartmann/templ-components/icons v1.12.0/go.mod h1:X3NklbBlANv+qrjhhGPJ7wFFqAAhXpPVuxh0y1ME6eo=
github.com/larsartmann/templ-components/utils v1.12.0 h1:QEZRHBa/RN3Q+0ulA1y8KUrY0zqs/bvBa5efMxM4Oi0=
github.com/larsartmann/templ-components/utils v1.12.0/go.mod h1:TMNksqxKc069NOZFa2ggm7taiDulJWT4kf+HYJCeNpY=
github.com/ledongthuc/pdf v0.0.0-20220302134840-0c2507a12d80 h1:6Yzfa6GP0rIo/kULo2bwGEkFvCePZ3qHDDTC3/J9Swo=
github.com/ledongthuc/pdf v0.0.0-20220302134840-0c2507a12d80/go.mod h1:imJHygn/1yfhB7XSJJKlFZKl/J+dCPAknuiaGOshXAs=
github.com/munnerz/goautoneg v0.0.0-20191010083416-a7dc8b61c822 h1:C3w9PqII01/Oq1c1nUAm88MOHcQC9l5mIlSMApZMrHA=
github.com/munnerz/goautoneg v0.0.0-20191010083416-a7dc8b61c822/go.mod h1:+n7T8mK8HuQTcFwEeznm/DIxMOiR9yIdICNftLE1DvQ=
github.com/orisano/pixelmatch v0.0.0-20220722002657-fb0b55479cde h1:x0TT0RDC7UhAVbbWWBzr41ElhJx5tXPWkIHA2HWPRuw=
github.com/orisano/pixelmatch v0.0.0-20220722002657-fb0b55479cde/go.mod h1:nZgzbfBr3hhjoZnS66nKrHmduYNpc34ny7RK4z5/HM0=
github.com/prometheus/client_model v0.6.2 h1:oBsgwpGs7iVziMvrGhE53c/GrLUsZdHnqNwqPLxwZyk=
github.com/prometheus/client_model v0.6.2/go.mod h1:y3m2F6Gdpfy6Ut/GBsUqTWZqCUvMVzSfMLjcu6wAwpE=
github.com/prometheus/common v0.71.0 h1:9KDAKb7Mj3HEVKyFCK6Dc/HIwlBzZIN2l7/lrHl3KK8=
github.com/prometheus/common v0.71.0/go.mod h1:CLJ5H8TEsGX8bl31BdMkfhIZ+QmZ9tBPPotUxUbfcmk=
github.com/samber/do/v2 v2.1.0 h1:lqCHn05XvY3VqwxvZDQPSkH+jIGWSVHUrSVLEbPOopo=
github.com/samber/do/v2 v2.1.0/go.mod h1:wJBoiaZcUZyGuraOhfz15b517ZMogGs+U03DvnqvT6Q=
github.com/samber/go-type-to-string v1.8.0 h1:5z6tDTjtXxkIAoAuHAZYMYR8mkBZjVgeSH7jcSLqc8w=
github.com/samber/go-type-to-string v1.8.0/go.mod h1:jpU77vIDoIxkahknKDoEx9C8bQ1ADnh2sotZ8I4QqBU=
github.com/stretchr/testify v1.12.1 h1:EuwCh5fleGS7H32xRwO3wRGT7DxrDhLAT6FF8MpWDWE=
github.com/stretchr/testify v1.12.1/go.mod h1:MDEgiDPPsNp5cuIrHPPCyornHKgEVbtFUmoNlxoYthg=
go.yaml.in/yaml/v2 v2.4.4 h1:tuyd0P+2Ont/d6e2rl3be67goVK4R6deVxCUX5vyPaQ=
go.yaml.in/yaml/v2 v2.4.4/go.mod h1:gMZqIpDtDqOfM0uNfy0SkpRhvUryYH0Z6wdMYcacYXQ=
go.yaml.in/yaml/v3 v3.0.5 h1:N6y/pJk8buWs9NY5ERU2HSMfm+IuD/OtfdAnq6kESPw=
go.yaml.in/yaml/v3 v3.0.5/go.mod h1:HVTZu1O7/Vkt2N+BFy8Zza+lnLsABggaTM2ZpNIGuKg=
golang.org/x/sys v0.6.0/go.mod h1:oPkhp1MJrh7nUepCBck5+mAzfO9JrbApNNgaTdGDITg=
golang.org/x/sys v0.47.0 h1:o7XGOvZQCADBQQ4Y7VNq2dRWQR7JmOUW8Kxx4ZsNgWs=
golang.org/x/sys v0.47.0/go.mod h1:4GL1E5IUh+htKOUEOaiffhrAeqysfVGipDYzABqnCmw=
google.golang.org/protobuf v1.36.12 h1:pJOKDDOyeXErUroCihFAd5LQuwXBSpVnKGrj5o/fwxc=
google.golang.org/protobuf v1.36.12/go.mod h1:HTf+CrKn2C3g5S8VImy6tdcUvCska2kB7j23XfzDpco=
